PODS:
  - AnyCodable-FlightSchool (0.6.7)
  - FCUUID (1.3.1):
    - UICKeyChainStore (~> 2.1.0)
  - SearchAds365_SDK (0.0.2):
    - AnyCodable-FlightSchool (~> 0.6.1)
    - FCUUID (~> 1.3.1)
  - UICKeyChainStore (2.1.2)

DEPENDENCIES:
  - SearchAds365_SDK (from `../`)

SPEC REPOS:
  trunk:
    - AnyCodable-FlightSchool
    - FCUUID
    - UICKeyChainStore

EXTERNAL SOURCES:
  SearchAds365_SDK:
    :path: "../"

SPEC CHECKSUMS:
  AnyCodable-FlightSchool: 261cbe76757802b17d471b9059b21e6fa5edf57b
  FCUUID: bb054fc90cd7cd99320f9f6ff8e130fe607fba05
  SearchAds365_SDK: 4863e68fd12afab4a858d42e2c85948d7f211faf
  UICKeyChainStore: 85db518bb1d294366d15ec9b92a416c4e670518f

PODFILE CHECKSUM: 9b7115e068f29e1f161c16f404672f45d6518d04

COCOAPODS: 1.11.3
